
Microsoft Visual Studio Solution File, Format Version 12.00
# Visual Studio Version 17
VisualStudioVersion = 17.5.33530.505
MinimumVisualStudioVersion = 10.0.40219.1
Project("{9A19103F-16F7-4668-BE54-9A1E7A4F7556}") = "BlazorApp_Server", "BlazorApp_Server\BlazorApp_Server.csproj", "{892290A8-4F50-464A-8BFD-F305A55E7219}"
EndProject
Project("{FAE04EC0-301F-11D3-BF4B-00C04F79EFBC}") = "DataAccess", "DataAccess\DataAccess.csproj", "{AE40BF0D-D8D2-425C-ABA4-8084CCCA15EC}"
EndProject
Project("{FAE04EC0-301F-11D3-BF4B-00C04F79EFBC}") = "Common", "Common\Common.csproj", "{1A5EC58F-B594-4CF0-899D-F12612FD0252}"
EndProject
Project("{FAE04EC0-301F-11D3-BF4B-00C04F79EFBC}") = "Business", "Business\Business.csproj", "{66C0F49D-73E2-4A3E-BC27-98DF9605CC02}"
EndProject
Project("{FAE04EC0-301F-11D3-BF4B-00C04F79EFBC}") = "Models", "Models\Models.csproj", "{62242DD4-30C5-4E94-8D41-7FA5BD6B3D97}"
EndProject
Global
	GlobalSection(SolutionConfigurationPlatforms) = preSolution
		Debug|Any CPU = Debug|Any CPU
		Release|Any CPU = Release|Any CPU
	EndGlobalSection
	GlobalSection(ProjectConfigurationPlatforms) = postSolution
		{892290A8-4F50-464A-8BFD-F305A55E7219}.Debug|Any CPU.ActiveCfg = Debug|Any CPU
		{892290A8-4F50-464A-8BFD-F305A55E7219}.Debug|Any CPU.Build.0 = Debug|Any CPU
		{892290A8-4F50-464A-8BFD-F305A55E7219}.Release|Any CPU.ActiveCfg = Release|Any CPU
		{892290A8-4F50-464A-8BFD-F305A55E7219}.Release|Any CPU.Build.0 = Release|Any CPU
		{AE40BF0D-D8D2-425C-ABA4-8084CCCA15EC}.Debug|Any CPU.ActiveCfg = Debug|Any CPU
		{AE40BF0D-D8D2-425C-ABA4-8084CCCA15EC}.Debug|Any CPU.Build.0 = Debug|Any CPU
		{AE40BF0D-D8D2-425C-ABA4-8084CCCA15EC}.Release|Any CPU.ActiveCfg = Release|Any CPU
		{AE40BF0D-D8D2-425C-ABA4-8084CCCA15EC}.Release|Any CPU.Build.0 = Release|Any CPU
		{1A5EC58F-B594-4CF0-899D-F12612FD0252}.Debug|Any CPU.ActiveCfg = Debug|Any CPU
		{1A5EC58F-B594-4CF0-899D-F12612FD0252}.Debug|Any CPU.Build.0 = Debug|Any CPU
		{1A5EC58F-B594-4CF0-899D-F12612FD0252}.Release|Any CPU.ActiveCfg = Release|Any CPU
		{1A5EC58F-B594-4CF0-899D-F12612FD0252}.Release|Any CPU.Build.0 = Release|Any CPU
		{66C0F49D-73E2-4A3E-BC27-98DF9605CC02}.Debug|Any CPU.ActiveCfg = Debug|Any CPU
		{66C0F49D-73E2-4A3E-BC27-98DF9605CC02}.Debug|Any CPU.Build.0 = Debug|Any CPU
		{66C0F49D-73E2-4A3E-BC27-98DF9605CC02}.Release|Any CPU.ActiveCfg = Release|Any CPU
		{66C0F49D-73E2-4A3E-BC27-98DF9605CC02}.Release|Any CPU.Build.0 = Release|Any CPU
		{62242DD4-30C5-4E94-8D41-7FA5BD6B3D97}.Debug|Any CPU.ActiveCfg = Debug|Any CPU
		{62242DD4-30C5-4E94-8D41-7FA5BD6B3D97}.Debug|Any CPU.Build.0 = Debug|Any CPU
		{62242DD4-30C5-4E94-8D41-7FA5BD6B3D97}.Release|Any CPU.ActiveCfg = Release|Any CPU
		{62242DD4-30C5-4E94-8D41-7FA5BD6B3D97}.Release|Any CPU.Build.0 = Release|Any CPU
	EndGlobalSection
	GlobalSection(SolutionProperties) = preSolution
		HideSolutionNode = FALSE
	EndGlobalSection
	GlobalSection(ExtensibilityGlobals) = postSolution
		SolutionGuid = {33441934-0213-4068-B56C-2C353F26BB28}
	EndGlobalSection
EndGlobal
